// !$*UTF8*$!
{
	archiveVersion = 1;
	classes = {
	};
	objectVersion = 54;
	objects = {

/* Begin PBXBuildFile section */
		097B9EC96F756C265B3F3A0D /* JoinGroupView.swift in Sources */ = {isa = PBXBuildFile; fileRef = 3A6D83989F370C3E79D6B347 /* JoinGroupView.swift */; };
		09B9C4103A184387517FFE14 /* IMCore in Frameworks */ = {isa = PBXBuildFile; productRef = 6E6294890E3020D55B56442C /* IMCore */; };
		0BE500D3CD0418760D34207A /* TypingIndicator.swift in Sources */ = {isa = PBXBuildFile; fileRef = F39A8C5632FA5B61B42D7390 /* TypingIndicator.swift */; };
		0FFA2C0623E1DF5F6FFE03B7 /* SearchResultsView.swift in Sources */ = {isa = PBXBuildFile; fileRef = 5E8FC31BAA04EABA62D88229 /* SearchResultsView.swift */; };
		11A8633EFA4F3877837AFD29 /* ConversationRowView.swift in Sources */ = {isa = PBXBuildFile; fileRef = 9F79474D85D9797FED86F716 /* ConversationRowView.swift */; };
		19D6EC24494F66AD2E920540 /* AgentTimelineView.swift in Sources */ = {isa = PBXBuildFile; fileRef = 42D1A086E9EBDBF4A66A8A18 /* AgentTimelineView.swift */; };
		1FA5BB4533A420C71CC79ADA /* GroupDetailView.swift in Sources */ = {isa = PBXBuildFile; fileRef = 4AF20493F7663E6883D8A5CC /* GroupDetailView.swift */; };
		203E79859DE8F906D89989D4 /* AppSettingsView.swift in Sources */ = {isa = PBXBuildFile; fileRef = 213AE54475B59B18BA8EF5AD /* AppSettingsView.swift */; };
		2756684112C07CF8705C5F27 /* ConversationUITests.swift in Sources */ = {isa = PBXBuildFile; fileRef = 2EDCB088065888417EA7CAD6 /* ConversationUITests.swift */; };
		28E021F49652BD86CDAE3219 /* AddContactView.swift in Sources */ = {isa = PBXBuildFile; fileRef = DCCE697A42351D25A23C1255 /* AddContactView.swift */; };
		2E6DBAC7A49CD23723E767F9 /* InputBarView.swift in Sources */ = {isa = PBXBuildFile; fileRef = 0DB2BCECCDABED2A9EF700FB /* InputBarView.swift */; };
		2EABB50395E71ACA1DDE1DC2 /* ConversationListView.swift in Sources */ = {isa = PBXBuildFile; fileRef = 11D88160E4186C48B4B24917 /* ConversationListView.swift */; };
		3869FF7C353A85209CB87BE1 /* ImageViewer.swift in Sources */ = {isa = PBXBuildFile; fileRef = ED7602816B4F7A77A093AA76 /* ImageViewer.swift */; };
		3F72224D04C43401EF226F24 /* Textual in Frameworks */ = {isa = PBXBuildFile; productRef = CEBD784156DD6BBD782D4745 /* Textual */; };
		4131A16838802E14FAD1D417 /* SessionManageView.swift in Sources */ = {isa = PBXBuildFile; fileRef = 979577865F7AF05542187387 /* SessionManageView.swift */; };
		46C64C85CCD1DA0B494D1403 /* IMApp.swift in Sources */ = {isa = PBXBuildFile; fileRef = D2E2D3A46D2138042A0C72AD /* IMApp.swift */; };
		4BF83FAE0B6B19F7A2F7CFB2 /* AccountSelectView.swift in Sources */ = {isa = PBXBuildFile; fileRef = 69F929F41BFA19D95F235125 /* AccountSelectView.swift */; };
		4CF3A4E20D06DDE2169959F0 /* TypingIndicator.swift in Sources */ = {isa = PBXBuildFile; fileRef = 3DC011C8AC9A9E788496AC53 /* TypingIndicator.swift */; };
		50EC9C49615062A4CA044345 /* P2PDetailView.swift in Sources */ = {isa = PBXBuildFile; fileRef = 39792FF703BAC09A9B632FF4 /* P2PDetailView.swift */; };
		523160ACBDF5C974FF6A72AC /* NewChatView.swift in Sources */ = {isa = PBXBuildFile; fileRef = 84B574D9D3074146E99C0056 /* NewChatView.swift */; };
		557D66EF1333D04398DBF39F /* MessageBubble.swift in Sources */ = {isa = PBXBuildFile; fileRef = BBAB4085A925A9021683A95C /* MessageBubble.swift */; };
		568658F500350F5F8709B4A8 /* LoginUITests.swift in Sources */ = {isa = PBXBuildFile; fileRef = 8E96A7FA62FD4EC9826CDFA9 /* LoginUITests.swift */; };
		58FB773A958DC01589C156D1 /* AgentTimelineView.swift in Sources */ = {isa = PBXBuildFile; fileRef = F80E024E7C1BD163DDD885A9 /* AgentTimelineView.swift */; };
		59376C0F7D795B1CF22DD26C /* OnlineStatusDot.swift in Sources */ = {isa = PBXBuildFile; fileRef = 8B8B688F683BB00B72353D77 /* OnlineStatusDot.swift */; };
		5B8C6D4EA51B5D5AC0E6D8AA /* P2PDetailView.swift in Sources */ = {isa = PBXBuildFile; fileRef = D86A877E0FF83C1A8F5A5119 /* P2PDetailView.swift */; };
		60B43151F99B51F99E833652 /* NewChatView.swift in Sources */ = {isa = PBXBuildFile; fileRef = E10105575D3493BF4F965776 /* NewChatView.swift */; };
		60DC52C3372ABD4EE3E4D58E /* AppInfoView.swift in Sources */ = {isa = PBXBuildFile; fileRef = 0B62847FB693F549C2536BB3 /* AppInfoView.swift */; };
		6144B85375A6A228F5BD63B9 /* ChatView.swift in Sources */ = {isa = PBXBuildFile; fileRef = 58D686864D6005743A92E0BC /* ChatView.swift */; };
		647B66368C5F1CF865CCC884 /* ImageViewer.swift in Sources */ = {isa = PBXBuildFile; fileRef = 804C70A5883395B923C72743 /* ImageViewer.swift */; };
		65C7470CBA7E0FDB44F23E1D /* AppleDesign.swift in Sources */ = {isa = PBXBuildFile; fileRef = A094406AB73220CD37924B7E /* AppleDesign.swift */; };
		6673082817E3B536DE57E2A3 /* CreateGroupView.swift in Sources */ = {isa = PBXBuildFile; fileRef = EE64012E79DCFB658AB860DF /* CreateGroupView.swift */; };
		68FB6DD486D640EEC49690D1 /* UserCardView.swift in Sources */ = {isa = PBXBuildFile; fileRef = CC3588C8B53A053419BEB636 /* UserCardView.swift */; };
		6A18C0B783D8260B04EDB9A3 /* AddContactView.swift in Sources */ = {isa = PBXBuildFile; fileRef = 723A706823C64C0ABA0FD5DF /* AddContactView.swift */; };
		7414C812F1344070693BD942 /* ConversationListView.swift in Sources */ = {isa = PBXBuildFile; fileRef = 632DE733F4E67E162BEAF72D /* ConversationListView.swift */; };
		77B49EFA11D059E846BDE11F /* SearchResultsView.swift in Sources */ = {isa = PBXBuildFile; fileRef = CA36676EAB35C5574AD39AE9 /* SearchResultsView.swift */; };
		848CB4A81492BC167632899B /* HistoryView.swift in Sources */ = {isa = PBXBuildFile; fileRef = 06DFA946F3EAC86EDC63D8A4 /* HistoryView.swift */; };
		865DDD393912593226EECE48 /* CachedImage.swift in Sources */ = {isa = PBXBuildFile; fileRef = AD32659F3A178568EE54425C /* CachedImage.swift */; };
		8DC9A4D13E144DCCAAC1C1CC /* MessageBubble.swift in Sources */ = {isa = PBXBuildFile; fileRef = C89481FAFD1DB35B75B08B2A /* MessageBubble.swift */; };
		8F0695D403BD8CA6416D02DE /* AppSettingsView.swift in Sources */ = {isa = PBXBuildFile; fileRef = 2F3782B8B16A2D196C3CBA21 /* AppSettingsView.swift */; };
		90B015D00F344B9C64423C39 /* DateSeparator.swift in Sources */ = {isa = PBXBuildFile; fileRef = D6503086C9E20CB2EF49234A /* DateSeparator.swift */; };
		9546FEA2338E1BFCF266D4BD /* ConversationRowView.swift in Sources */ = {isa = PBXBuildFile; fileRef = EF062AE7EDE521498CEC20AF /* ConversationRowView.swift */; };
		A469AD51EF2D5005D37FC062 /* SearchBarView.swift in Sources */ = {isa = PBXBuildFile; fileRef = 2145612F696CCD42151BC745 /* SearchBarView.swift */; };
		A94743ED7B3BF1B005BC5667 /* RegisterView.swift in Sources */ = {isa = PBXBuildFile; fileRef = 4559C003E660F5F12E722553 /* RegisterView.swift */; };
		AB766CB484C760E1ABF2571F /* JoinGroupView.swift in Sources */ = {isa = PBXBuildFile; fileRef = C82D4DB67EB5D53723032A43 /* JoinGroupView.swift */; };
		AF5F5C83119E7BD1ACCE2DE4 /* ChatView.swift in Sources */ = {isa = PBXBuildFile; fileRef = 2B3B3D43AAF4191295EAC227 /* ChatView.swift */; };
		B15AE4CCB8DBD08D717EF791 /* HistoryView.swift in Sources */ = {isa = PBXBuildFile; fileRef = 1AB36B64AC8DBAC6D944B3E1 /* HistoryView.swift */; };
		B4F9B95D09D2914D6B706686 /* InputBarView.swift in Sources */ = {isa = PBXBuildFile; fileRef = C7E21FBEA361DC0F4FB7E788 /* InputBarView.swift */; };
		B7E068ED9B29E007734BDFEC /* SessionManageView.swift in Sources */ = {isa = PBXBuildFile; fileRef = C8DC6D0E106D4D2DEACC199E /* SessionManageView.swift */; };
		B7EAF74021CD008F6A6B80EC /* LoginView.swift in Sources */ = {isa = PBXBuildFile; fileRef = 970673DA799B81B6C062DE76 /* LoginView.swift */; };
		B904FE73AC81E7B7630EEE0B /* ContentView.swift in Sources */ = {isa = PBXBuildFile; fileRef = 14CB1DDBFA71D1AE693855A0 /* ContentView.swift */; };
		B9E49853D0607ABC6B2D406F /* ChatTextView.swift in Sources */ = {isa = PBXBuildFile; fileRef = E812CCD58B77AE349A7A84B3 /* ChatTextView.swift */; };
		BA9326F6F36140A7F900F220 /* DateSeparator.swift in Sources */ = {isa = PBXBuildFile; fileRef = D460EC1465DE2891276450D5 /* DateSeparator.swift */; };
		BB499F0AC7021A364A711753 /* SearchBarView.swift in Sources */ = {isa = PBXBuildFile; fileRef = 251479C97179683011E19E25 /* SearchBarView.swift */; };
		BB52D7283B3E8CAFC220A1E0 /* CreateGroupView.swift in Sources */ = {isa = PBXBuildFile; fileRef = 24DA52C7A5A5B4086518CC55 /* CreateGroupView.swift */; };
		BB9907D67E2D044DAB9111B9 /* OnlineStatusDot.swift in Sources */ = {isa = PBXBuildFile; fileRef = D7E8658A87B72D6CB0C3E813 /* OnlineStatusDot.swift */; };
		CD2F9C4F97FFFBEB7C2886FF /* IMCore in Frameworks */ = {isa = PBXBuildFile; productRef = A29A3BDDC40908213A4CE11A /* IMCore */; };
		CE9FC10A4B9F219E18E7EBC6 /* LoginView.swift in Sources */ = {isa = PBXBuildFile; fileRef = 89525D526A6DB154B499CEB3 /* LoginView.swift */; };
		D053EE810DC146C42709C7FD /* AvatarView.swift in Sources */ = {isa = PBXBuildFile; fileRef = 5E9F31E0F469BDBDBF9EFDFE /* AvatarView.swift */; };
		D5B1DF605BD82BDAFAF95249 /* ContactListView.swift in Sources */ = {isa = PBXBuildFile; fileRef = 069616350F3171ACAA7F4F64 /* ContactListView.swift */; };
		D694D1C9F5A284888347C784 /* IMApp.swift in Sources */ = {isa = PBXBuildFile; fileRef = 8651BD06CF64412A795BE61F /* IMApp.swift */; };
		D8D8E90451EDCC271C9AA962 /* ProfileView.swift in Sources */ = {isa = PBXBuildFile; fileRef = C622AD2676EF9831C8437C7D /* ProfileView.swift */; };
		D986D7F088C6328565D9C904 /* GroupDetailView.swift in Sources */ = {isa = PBXBuildFile; fileRef = 5E7B035751FE2414C13E3B92 /* GroupDetailView.swift */; };
		DD2C7E2C052C9C7A7309F1CC /* VisualEffectView.swift in Sources */ = {isa = PBXBuildFile; fileRef = 9BFA849877CF5AB3DEC085FC /* VisualEffectView.swift */; };
		E17F546BEE09240D3DE2AA70 /* Textual in Frameworks */ = {isa = PBXBuildFile; productRef = FD9D6A65836E57D02F865F15 /* Textual */; };
		E260A06BF6E5B21C37C53F29 /* ContactListView.swift in Sources */ = {isa = PBXBuildFile; fileRef = E8D0351E6BAA70D53CB8E94D /* ContactListView.swift */; };
		E9E5DD6DE3C5786A33106B81 /* AvatarView.swift in Sources */ = {isa = PBXBuildFile; fileRef = EAE7B59CB1DB91B2920D6FAE /* AvatarView.swift */; };
		EB9695FA50D7110D18464C2D /* ContentView.swift in Sources */ = {isa = PBXBuildFile; fileRef = 5EF1799EAD4CE0C9A03C7471 /* ContentView.swift */; };
		FD40E4C7020D06E054A62E78 /* ProfileView.swift in Sources */ = {isa = PBXBuildFile; fileRef = C70A10F53C54FD692E4032B0 /* ProfileView.swift */; };
		FDA93FB4996A07E6750B07F5 /* RegisterView.swift in Sources */ = {isa = PBXBuildFile; fileRef = 12133DA9B7E591A4E088D38B /* RegisterView.swift */; };
/* End PBXBuildFile section */

/* Begin PBXContainerItemProxy section */
		E466F6632BDB11EE3A23CEA3 /* PBXContainerItemProxy */ = {
			isa = PBXContainerItemProxy;
			containerPortal = 42DC656A3E9206F71F998A22 /* Project object */;
			proxyType = 1;
			remoteGlobalIDString = DC263F352C5D39510114D5D5;
			remoteInfo = IMApp;
		};
/* End PBXContainerItemProxy section */

/* Begin PBXFileReference section */
		069616350F3171ACAA7F4F64 /* ContactListView.swift */ = {isa = PBXFileReference; lastKnownFileType = sourcecode.swift; path = ContactListView.swift; sourceTree = "<group>"; };
		06DFA946F3EAC86EDC63D8A4 /* HistoryView.swift */ = {isa = PBXFileReference; lastKnownFileType = sourcecode.swift; path = HistoryView.swift; sourceTree = "<group>"; };
		0B62847FB693F549C2536BB3 /* AppInfoView.swift */ = {isa = PBXFileReference; lastKnownFileType = sourcecode.swift; path = AppInfoView.swift; sourceTree = "<group>"; };
		0DB2BCECCDABED2A9EF700FB /* InputBarView.swift */ = {isa = PBXFileReference; lastKnownFileType = sourcecode.swift; path = InputBarView.swift; sourceTree = "<group>"; };
		11D88160E4186C48B4B24917 /* ConversationListView.swift */ = {isa = PBXFileReference; lastKnownFileType = sourcecode.swift; path = ConversationListView.swift; sourceTree = "<group>"; };
		12133DA9B7E591A4E088D38B /* RegisterView.swift */ = {isa = PBXFileReference; lastKnownFileType = sourcecode.swift; path = RegisterView.swift; sourceTree = "<group>"; };
		14CB1DDBFA71D1AE693855A0 /* ContentView.swift */ = {isa = PBXFileReference; lastKnownFileType = sourcecode.swift; path = ContentView.swift; sourceTree = "<group>"; };
		1AB36B64AC8DBAC6D944B3E1 /* HistoryView.swift */ = {isa = PBXFileReference; lastKnownFileType = sourcecode.swift; path = HistoryView.swift; sourceTree = "<group>"; };
		213AE54475B59B18BA8EF5AD /* AppSettingsView.swift */ = {isa = PBXFileReference; lastKnownFileType = sourcecode.swift; path = AppSettingsView.swift; sourceTree = "<group>"; };
		2145612F696CCD42151BC745 /* SearchBarView.swift */ = {isa = PBXFileReference; lastKnownFileType = sourcecode.swift; path = SearchBarView.swift; sourceTree = "<group>"; };
		24DA52C7A5A5B4086518CC55 /* CreateGroupView.swift */ = {isa = PBXFileReference; lastKnownFileType = sourcecode.swift; path = CreateGroupView.swift; sourceTree = "<group>"; };
		251479C97179683011E19E25 /* SearchBarView.swift */ = {isa = PBXFileReference; lastKnownFileType = sourcecode.swift; path = SearchBarView.swift; sourceTree = "<group>"; };
		27FBD764B3859567CFED8D35 /* Info.plist */ = {isa = PBXFileReference; lastKnownFileType = text.plist; path = Info.plist; sourceTree = "<group>"; };
		2B3B3D43AAF4191295EAC227 /* ChatView.swift */ = {isa = PBXFileReference; lastKnownFileType = sourcecode.swift; path = ChatView.swift; sourceTree = "<group>"; };
		2EDCB088065888417EA7CAD6 /* ConversationUITests.swift */ = {isa = PBXFileReference; lastKnownFileType = sourcecode.swift; path = ConversationUITests.swift; sourceTree = "<group>"; };
		2F3782B8B16A2D196C3CBA21 /* AppSettingsView.swift */ = {isa = PBXFileReference; lastKnownFileType = sourcecode.swift; path = AppSettingsView.swift; sourceTree = "<group>"; };
		32911B684B814A3F237958F2 /* textual */ = {isa = PBXFileReference; lastKnownFileType = folder; name = textual; path = ../deps/textual; sourceTree = SOURCE_ROOT; };
		39792FF703BAC09A9B632FF4 /* P2PDetailView.swift */ = {isa = PBXFileReference; lastKnownFileType = sourcecode.swift; path = P2PDetailView.swift; sourceTree = "<group>"; };
		3A6D83989F370C3E79D6B347 /* JoinGroupView.swift */ = {isa = PBXFileReference; lastKnownFileType = sourcecode.swift; path = JoinGroupView.swift; sourceTree = "<group>"; };
		3DC011C8AC9A9E788496AC53 /* TypingIndicator.swift */ = {isa = PBXFileReference; lastKnownFileType = sourcecode.swift; path = TypingIndicator.swift; sourceTree = "<group>"; };
		42D1A086E9EBDBF4A66A8A18 /* AgentTimelineView.swift */ = {isa = PBXFileReference; lastKnownFileType = sourcecode.swift; path = AgentTimelineView.swift; sourceTree = "<group>"; };
		4559C003E660F5F12E722553 /* RegisterView.swift */ = {isa = PBXFileReference; lastKnownFileType = sourcecode.swift; path = RegisterView.swift; sourceTree = "<group>"; };
		4AF20493F7663E6883D8A5CC /* GroupDetailView.swift */ = {isa = PBXFileReference; lastKnownFileType = sourcecode.swift; path = GroupDetailView.swift; sourceTree = "<group>"; };
		5289D4F24E84F8659E613E03 /* IMAppUITests.xctest */ = {isa = PBXFileReference; explicitFileType = wrapper.cfbundle; includeInIndex = 0; path = IMAppUITests.xctest; sourceTree = BUILT_PRODUCTS_DIR; };
		58D686864D6005743A92E0BC /* ChatView.swift */ = {isa = PBXFileReference; lastKnownFileType = sourcecode.swift; path = ChatView.swift; sourceTree = "<group>"; };
		5E7B035751FE2414C13E3B92 /* GroupDetailView.swift */ = {isa = PBXFileReference; lastKnownFileType = sourcecode.swift; path = GroupDetailView.swift; sourceTree = "<group>"; };
		5E8FC31BAA04EABA62D88229 /* SearchResultsView.swift */ = {isa = PBXFileReference; lastKnownFileType = sourcecode.swift; path = SearchResultsView.swift; sourceTree = "<group>"; };
		5E9F31E0F469BDBDBF9EFDFE /* AvatarView.swift */ = {isa = PBXFileReference; lastKnownFileType = sourcecode.swift; path = AvatarView.swift; sourceTree = "<group>"; };
		5EF1799EAD4CE0C9A03C7471 /* ContentView.swift */ = {isa = PBXFileReference; lastKnownFileType = sourcecode.swift; path = ContentView.swift; sourceTree = "<group>"; };
		632DE733F4E67E162BEAF72D /* ConversationListView.swift */ = {isa = PBXFileReference; lastKnownFileType = sourcecode.swift; path = ConversationListView.swift; sourceTree = "<group>"; };
		64D231FDA5E4A98C3D4E1EB7 /* IMCore */ = {isa = PBXFileReference; lastKnownFileType = folder; name = IMCore; path = Packages/IMCore; sourceTree = SOURCE_ROOT; };
		69F929F41BFA19D95F235125 /* AccountSelectView.swift */ = {isa = PBXFileReference; lastKnownFileType = sourcecode.swift; path = AccountSelectView.swift; sourceTree = "<group>"; };
		723A706823C64C0ABA0FD5DF /* AddContactView.swift */ = {isa = PBXFileReference; lastKnownFileType = sourcecode.swift; path = AddContactView.swift; sourceTree = "<group>"; };
		804C70A5883395B923C72743 /* ImageViewer.swift */ = {isa = PBXFileReference; lastKnownFileType = sourcecode.swift; path = ImageViewer.swift; sourceTree = "<group>"; };
		84B574D9D3074146E99C0056 /* NewChatView.swift */ = {isa = PBXFileReference; lastKnownFileType = sourcecode.swift; path = NewChatView.swift; sourceTree = "<group>"; };
		8651BD06CF64412A795BE61F /* IMApp.swift */ = {isa = PBXFileReference; lastKnownFileType = sourcecode.swift; path = IMApp.swift; sourceTree = "<group>"; };
		89525D526A6DB154B499CEB3 /* LoginView.swift */ = {isa = PBXFileReference; lastKnownFileType = sourcecode.swift; path = LoginView.swift; sourceTree = "<group>"; };
		8B8B688F683BB00B72353D77 /* OnlineStatusDot.swift */ = {isa = PBXFileReference; lastKnownFileType = sourcecode.swift; path = OnlineStatusDot.swift; sourceTree = "<group>"; };
		8E96A7FA62FD4EC9826CDFA9 /* LoginUITests.swift */ = {isa = PBXFileReference; lastKnownFileType = sourcecode.swift; path = LoginUITests.swift; sourceTree = "<group>"; };
		970673DA799B81B6C062DE76 /* LoginView.swift */ = {isa = PBXFileReference; lastKnownFileType = sourcecode.swift; path = LoginView.swift; sourceTree = "<group>"; };
		979577865F7AF05542187387 /* SessionManageView.swift */ = {isa = PBXFileReference; lastKnownFileType = sourcecode.swift; path = SessionManageView.swift; sourceTree = "<group>"; };
		9BFA849877CF5AB3DEC085FC /* VisualEffectView.swift */ = {isa = PBXFileReference; lastKnownFileType = sourcecode.swift; path = VisualEffectView.swift; sourceTree = "<group>"; };
		9F79474D85D9797FED86F716 /* ConversationRowView.swift */ = {isa = PBXFileReference; lastKnownFileType = sourcecode.swift; path = ConversationRowView.swift; sourceTree = "<group>"; };
		A094406AB73220CD37924B7E /* AppleDesign.swift */ = {isa = PBXFileReference; lastKnownFileType = sourcecode.swift; path = AppleDesign.swift; sourceTree = "<group>"; };
		AD32659F3A178568EE54425C /* CachedImage.swift */ = {isa = PBXFileReference; lastKnownFileType = sourcecode.swift; path = CachedImage.swift; sourceTree = "<group>"; };
		BBAB4085A925A9021683A95C /* MessageBubble.swift */ = {isa = PBXFileReference; lastKnownFileType = sourcecode.swift; path = MessageBubble.swift; sourceTree = "<group>"; };
		C622AD2676EF9831C8437C7D /* ProfileView.swift */ = {isa = PBXFileReference; lastKnownFileType = sourcecode.swift; path = ProfileView.swift; sourceTree = "<group>"; };
		C70A10F53C54FD692E4032B0 /* ProfileView.swift */ = {isa = PBXFileReference; lastKnownFileType = sourcecode.swift; path = ProfileView.swift; sourceTree = "<group>"; };
		C7E21FBEA361DC0F4FB7E788 /* InputBarView.swift */ = {isa = PBXFileReference; lastKnownFileType = sourcecode.swift; path = InputBarView.swift; sourceTree = "<group>"; };
		C82D4DB67EB5D53723032A43 /* JoinGroupView.swift */ = {isa = PBXFileReference; lastKnownFileType = sourcecode.swift; path = JoinGroupView.swift; sourceTree = "<group>"; };
		C89481FAFD1DB35B75B08B2A /* MessageBubble.swift */ = {isa = PBXFileReference; lastKnownFileType = sourcecode.swift; path = MessageBubble.swift; sourceTree = "<group>"; };
		C8DC6D0E106D4D2DEACC199E /* SessionManageView.swift */ = {isa = PBXFileReference; lastKnownFileType = sourcecode.swift; path = SessionManageView.swift; sourceTree = "<group>"; };
		CA36676EAB35C5574AD39AE9 /* SearchResultsView.swift */ = {isa = PBXFileReference; lastKnownFileType = sourcecode.swift; path = SearchResultsView.swift; sourceTree = "<group>"; };
		CB77A98FEDDBC06687ACF65C /* IMApp-iOS.app */ = {isa = PBXFileReference; includeInIndex = 0; lastKnownFileType = wrapper.application; path = "IMApp-iOS.app"; sourceTree = BUILT_PRODUCTS_DIR; };
		CC3588C8B53A053419BEB636 /* UserCardView.swift */ = {isa = PBXFileReference; lastKnownFileType = sourcecode.swift; path = UserCardView.swift; sourceTree = "<group>"; };
		D2E2D3A46D2138042A0C72AD /* IMApp.swift */ = {isa = PBXFileReference; lastKnownFileType = sourcecode.swift; path = IMApp.swift; sourceTree = "<group>"; };
		D460EC1465DE2891276450D5 /* DateSeparator.swift */ = {isa = PBXFileReference; lastKnownFileType = sourcecode.swift; path = DateSeparator.swift; sourceTree = "<group>"; };
		D6503086C9E20CB2EF49234A /* DateSeparator.swift */ = {isa = PBXFileReference; lastKnownFileType = sourcecode.swift; path = DateSeparator.swift; sourceTree = "<group>"; };
		D7E8658A87B72D6CB0C3E813 /* OnlineStatusDot.swift */ = {isa = PBXFileReference; lastKnownFileType = sourcecode.swift; path = OnlineStatusDot.swift; sourceTree = "<group>"; };
		D86A877E0FF83C1A8F5A5119 /* P2PDetailView.swift */ = {isa = PBXFileReference; lastKnownFileType = sourcecode.swift; path = P2PDetailView.swift; sourceTree = "<group>"; };
		DCCE697A42351D25A23C1255 /* AddContactView.swift */ = {isa = PBXFileReference; lastKnownFileType = sourcecode.swift; path = AddContactView.swift; sourceTree = "<group>"; };
		E10105575D3493BF4F965776 /* NewChatView.swift */ = {isa = PBXFileReference; lastKnownFileType = sourcecode.swift; path = NewChatView.swift; sourceTree = "<group>"; };
		E812CCD58B77AE349A7A84B3 /* ChatTextView.swift */ = {isa = PBXFileReference; lastKnownFileType = sourcecode.swift; path = ChatTextView.swift; sourceTree = "<group>"; };
		E8D0351E6BAA70D53CB8E94D /* ContactListView.swift */ = {isa = PBXFileReference; lastKnownFileType = sourcecode.swift; path = ContactListView.swift; sourceTree = "<group>"; };
		EAE7B59CB1DB91B2920D6FAE /* AvatarView.swift */ = {isa = PBXFileReference; lastKnownFileType = sourcecode.swift; path = AvatarView.swift; sourceTree = "<group>"; };
		ED7602816B4F7A77A093AA76 /* ImageViewer.swift */ = {isa = PBXFileReference; lastKnownFileType = sourcecode.swift; path = ImageViewer.swift; sourceTree = "<group>"; };
		EE64012E79DCFB658AB860DF /* CreateGroupView.swift */ = {isa = PBXFileReference; lastKnownFileType = sourcecode.swift; path = CreateGroupView.swift; sourceTree = "<group>"; };
		EF062AE7EDE521498CEC20AF /* ConversationRowView.swift */ = {isa = PBXFileReference; lastKnownFileType = sourcecode.swift; path = ConversationRowView.swift; sourceTree = "<group>"; };
		F39A8C5632FA5B61B42D7390 /* TypingIndicator.swift */ = {isa = PBXFileReference; lastKnownFileType = sourcecode.swift; path = TypingIndicator.swift; sourceTree = "<group>"; };
		F80E024E7C1BD163DDD885A9 /* AgentTimelineView.swift */ = {isa = PBXFileReference; lastKnownFileType = sourcecode.swift; path = AgentTimelineView.swift; sourceTree = "<group>"; };
		FFED0A1CBA67C36F722E6A4D /* IMApp.app */ = {isa = PBXFileReference; explicitFileType = wrapper.application; includeInIndex = 0; path = IMApp.app; sourceTree = BUILT_PRODUCTS_DIR; };
/* End PBXFileReference section */

/* Begin PBXFrameworksBuildPhase section */
		3F23053CF36A68D4B95CEE21 /* Frameworks */ = {
			isa = PBXFrameworksBuildPhase;
			buildActionMask = 2147483647;
			files = (
				CD2F9C4F97FFFBEB7C2886FF /* IMCore in Frameworks */,
				3F72224D04C43401EF226F24 /* Textual in Frameworks */,
			);
			runOnlyForDeploymentPostprocessing = 0;
		};
		A2D10FC8C969A687E97CEEA1 /* Frameworks */ = {
			isa = PBXFrameworksBuildPhase;
			buildActionMask = 2147483647;
			files = (
				09B9C4103A184387517FFE14 /* IMCore in Frameworks */,
				E17F546BEE09240D3DE2AA70 /* Textual in Frameworks */,
			);
			runOnlyForDeploymentPostprocessing = 0;
		};
/* End PBXFrameworksBuildPhase section */

/* Begin PBXGroup section */
		009F2531FB202A221C07EC95 /* Contact */ = {
			isa = PBXGroup;
			children = (
				723A706823C64C0ABA0FD5DF /* AddContactView.swift */,
				069616350F3171ACAA7F4F64 /* ContactListView.swift */,
			);
			path = Contact;
			sourceTree = "<group>";
		};
		0E2DB9CA2861498E42184D4C /* Resources */ = {
			isa = PBXGroup;
			children = (
				27FBD764B3859567CFED8D35 /* Info.plist */,
			);
			name = Resources;
			path = ios/Resources;
			sourceTree = "<group>";
		};
		1019CB0801EC6DBB97D66892 /* Packages */ = {
			isa = PBXGroup;
			children = (
				64D231FDA5E4A98C3D4E1EB7 /* IMCore */,
				32911B684B814A3F237958F2 /* textual */,
			);
			path = Packages;
			sourceTree = "<group>";
		};
		1048FB799D80F54A53FF82FB /* IMAppUITests */ = {
			isa = PBXGroup;
			children = (
				2EDCB088065888417EA7CAD6 /* ConversationUITests.swift */,
				8E96A7FA62FD4EC9826CDFA9 /* LoginUITests.swift */,
			);
			name = IMAppUITests;
			path = macos/Tests/IMAppUITests;
			sourceTree = "<group>";
		};
		120F44201689474E170A626D /* Login */ = {
			isa = PBXGroup;
			children = (
				69F929F41BFA19D95F235125 /* AccountSelectView.swift */,
				970673DA799B81B6C062DE76 /* LoginView.swift */,
				4559C003E660F5F12E722553 /* RegisterView.swift */,
			);
			path = Login;
			sourceTree = "<group>";
		};
		148F29BFC7BAB1833308B63E /* Group */ = {
			isa = PBXGroup;
			children = (
				5E7B035751FE2414C13E3B92 /* GroupDetailView.swift */,
			);
			path = Group;
			sourceTree = "<group>";
		};
		2185DC084D57B4BD84A9AFE3 /* Chat */ = {
			isa = PBXGroup;
			children = (
				F80E024E7C1BD163DDD885A9 /* AgentTimelineView.swift */,
				E812CCD58B77AE349A7A84B3 /* ChatTextView.swift */,
				58D686864D6005743A92E0BC /* ChatView.swift */,
				D6503086C9E20CB2EF49234A /* DateSeparator.swift */,
				1AB36B64AC8DBAC6D944B3E1 /* HistoryView.swift */,
				C7E21FBEA361DC0F4FB7E788 /* InputBarView.swift */,
				C89481FAFD1DB35B75B08B2A /* MessageBubble.swift */,
				D86A877E0FF83C1A8F5A5119 /* P2PDetailView.swift */,
				3DC011C8AC9A9E788496AC53 /* TypingIndicator.swift */,
			);
			path = Chat;
			sourceTree = "<group>";
		};
		2E503A56448C40EF13B90C8B /* ConversationList */ = {
			isa = PBXGroup;
			children = (
				11D88160E4186C48B4B24917 /* ConversationListView.swift */,
				9F79474D85D9797FED86F716 /* ConversationRowView.swift */,
				24DA52C7A5A5B4086518CC55 /* CreateGroupView.swift */,
				C82D4DB67EB5D53723032A43 /* JoinGroupView.swift */,
				84B574D9D3074146E99C0056 /* NewChatView.swift */,
			);
			path = ConversationList;
			sourceTree = "<group>";
		};
		30B8F9CD68D11C05CB5BE94B /* Login */ = {
			isa = PBXGroup;
			children = (
				89525D526A6DB154B499CEB3 /* LoginView.swift */,
				12133DA9B7E591A4E088D38B /* RegisterView.swift */,
			);
			path = Login;
			sourceTree = "<group>";
		};
		37BC6C4F0AB6CC225E12A659 /* Search */ = {
			isa = PBXGroup;
			children = (
				251479C97179683011E19E25 /* SearchBarView.swift */,
				CA36676EAB35C5574AD39AE9 /* SearchResultsView.swift */,
			);
			path = Search;
			sourceTree = "<group>";
		};
		3D8DD8A794397CB9382DFB69 /* Views */ = {
			isa = PBXGroup;
			children = (
				2185DC084D57B4BD84A9AFE3 /* Chat */,
				8DEFA085F802104CFDF5496D /* Common */,
				B4161D7521BFB18B9D34A041 /* Contact */,
				9B1A049961E4EB753344E9D2 /* ConversationList */,
				D2A9D30C7B8FABFFFF6E8483 /* Group */,
				30B8F9CD68D11C05CB5BE94B /* Login */,
				A4CA99758E6F39014AB65197 /* Profile */,
				37BC6C4F0AB6CC225E12A659 /* Search */,
				B63E54A50C932C73A0257D41 /* Settings */,
			);
			path = Views;
			sourceTree = "<group>";
		};
		65BD6FC93BEF10A786BF74CB /* Views */ = {
			isa = PBXGroup;
			children = (
				8C27DB2CD9161CB3640CD975 /* Chat */,
				8F027A24B34AD9ECF0CCC78A /* Common */,
				009F2531FB202A221C07EC95 /* Contact */,
				2E503A56448C40EF13B90C8B /* ConversationList */,
				148F29BFC7BAB1833308B63E /* Group */,
				120F44201689474E170A626D /* Login */,
				6A23D3A4BE72CF898405D45B /* Profile */,
				8C640045C2B39392157953AD /* Search */,
				70BB38779339ADC935E6FD3B /* Settings */,
			);
			path = Views;
			sourceTree = "<group>";
		};
		6A23D3A4BE72CF898405D45B /* Profile */ = {
			isa = PBXGroup;
			children = (
				C70A10F53C54FD692E4032B0 /* ProfileView.swift */,
			);
			path = Profile;
			sourceTree = "<group>";
		};
		70BB38779339ADC935E6FD3B /* Settings */ = {
			isa = PBXGroup;
			children = (
				213AE54475B59B18BA8EF5AD /* AppSettingsView.swift */,
				C8DC6D0E106D4D2DEACC199E /* SessionManageView.swift */,
			);
			path = Settings;
			sourceTree = "<group>";
		};
		8633531782C1118686A135F6 /* IMApp */ = {
			isa = PBXGroup;
			children = (
				5EF1799EAD4CE0C9A03C7471 /* ContentView.swift */,
				D2E2D3A46D2138042A0C72AD /* IMApp.swift */,
				3D8DD8A794397CB9382DFB69 /* Views */,
			);
			name = IMApp;
			path = macos/Sources/IMApp;
			sourceTree = "<group>";
		};
		8C27DB2CD9161CB3640CD975 /* Chat */ = {
			isa = PBXGroup;
			children = (
				42D1A086E9EBDBF4A66A8A18 /* AgentTimelineView.swift */,
				2B3B3D43AAF4191295EAC227 /* ChatView.swift */,
				D460EC1465DE2891276450D5 /* DateSeparator.swift */,
				06DFA946F3EAC86EDC63D8A4 /* HistoryView.swift */,
				0DB2BCECCDABED2A9EF700FB /* InputBarView.swift */,
				BBAB4085A925A9021683A95C /* MessageBubble.swift */,
				39792FF703BAC09A9B632FF4 /* P2PDetailView.swift */,
				F39A8C5632FA5B61B42D7390 /* TypingIndicator.swift */,
			);
			path = Chat;
			sourceTree = "<group>";
		};
		8C640045C2B39392157953AD /* Search */ = {
			isa = PBXGroup;
			children = (
				2145612F696CCD42151BC745 /* SearchBarView.swift */,
				5E8FC31BAA04EABA62D88229 /* SearchResultsView.swift */,
			);
			path = Search;
			sourceTree = "<group>";
		};
		8DEFA085F802104CFDF5496D /* Common */ = {
			isa = PBXGroup;
			children = (
				A094406AB73220CD37924B7E /* AppleDesign.swift */,
				EAE7B59CB1DB91B2920D6FAE /* AvatarView.swift */,
				ED7602816B4F7A77A093AA76 /* ImageViewer.swift */,
				8B8B688F683BB00B72353D77 /* OnlineStatusDot.swift */,
				9BFA849877CF5AB3DEC085FC /* VisualEffectView.swift */,
			);
			path = Common;
			sourceTree = "<group>";
		};
		8F027A24B34AD9ECF0CCC78A /* Common */ = {
			isa = PBXGroup;
			children = (
				5E9F31E0F469BDBDBF9EFDFE /* AvatarView.swift */,
				AD32659F3A178568EE54425C /* CachedImage.swift */,
				804C70A5883395B923C72743 /* ImageViewer.swift */,
				D7E8658A87B72D6CB0C3E813 /* OnlineStatusDot.swift */,
				CC3588C8B53A053419BEB636 /* UserCardView.swift */,
			);
			path = Common;
			sourceTree = "<group>";
		};
		9B1A049961E4EB753344E9D2 /* ConversationList */ = {
			isa = PBXGroup;
			children = (
				632DE733F4E67E162BEAF72D /* ConversationListView.swift */,
				EF062AE7EDE521498CEC20AF /* ConversationRowView.swift */,
				EE64012E79DCFB658AB860DF /* CreateGroupView.swift */,
				3A6D83989F370C3E79D6B347 /* JoinGroupView.swift */,
				E10105575D3493BF4F965776 /* NewChatView.swift */,
			);
			path = ConversationList;
			sourceTree = "<group>";
		};
		A4CA99758E6F39014AB65197 /* Profile */ = {
			isa = PBXGroup;
			children = (
				C622AD2676EF9831C8437C7D /* ProfileView.swift */,
			);
			path = Profile;
			sourceTree = "<group>";
		};
		B4161D7521BFB18B9D34A041 /* Contact */ = {
			isa = PBXGroup;
			children = (
				DCCE697A42351D25A23C1255 /* AddContactView.swift */,
				E8D0351E6BAA70D53CB8E94D /* ContactListView.swift */,
			);
			path = Contact;
			sourceTree = "<group>";
		};
		B63E54A50C932C73A0257D41 /* Settings */ = {
			isa = PBXGroup;
			children = (
				0B62847FB693F549C2536BB3 /* AppInfoView.swift */,
				2F3782B8B16A2D196C3CBA21 /* AppSettingsView.swift */,
				979577865F7AF05542187387 /* SessionManageView.swift */,
			);
			path = Settings;
			sourceTree = "<group>";
		};
		BDC5D907C867E2F5C91FE735 = {
			isa = PBXGroup;
			children = (
				D445292ABDB1CFD643E010FE /* IMApp */,
				8633531782C1118686A135F6 /* IMApp */,
				1048FB799D80F54A53FF82FB /* IMAppUITests */,
				1019CB0801EC6DBB97D66892 /* Packages */,
				0E2DB9CA2861498E42184D4C /* Resources */,
				F229A5B4724CC4B44B438EDD /* Products */,
			);
			sourceTree = "<group>";
		};
		D2A9D30C7B8FABFFFF6E8483 /* Group */ = {
			isa = PBXGroup;
			children = (
				4AF20493F7663E6883D8A5CC /* GroupDetailView.swift */,
			);
			path = Group;
			sourceTree = "<group>";
		};
		D445292ABDB1CFD643E010FE /* IMApp */ = {
			isa = PBXGroup;
			children = (
				14CB1DDBFA71D1AE693855A0 /* ContentView.swift */,
				8651BD06CF64412A795BE61F /* IMApp.swift */,
				65BD6FC93BEF10A786BF74CB /* Views */,
			);
			name = IMApp;
			path = ios/Sources/IMApp;
			sourceTree = "<group>";
		};
		F229A5B4724CC4B44B438EDD /* Products */ = {
			isa = PBXGroup;
			children = (
				CB77A98FEDDBC06687ACF65C /* IMApp-iOS.app */,
				FFED0A1CBA67C36F722E6A4D /* IMApp.app */,
				5289D4F24E84F8659E613E03 /* IMAppUITests.xctest */,
			);
			name = Products;
			sourceTree = "<group>";
		};
/* End PBXGroup section */

/* Begin PBXNativeTarget section */
		43420480FC5D200C72755105 /* IMApp-iOS */ = {
			isa = PBXNativeTarget;
			buildConfigurationList = 3C1C07B83105163B6A85C342 /* Build configuration list for PBXNativeTarget "IMApp-iOS" */;
			buildPhases = (
				A7EC5066FE1596FAC5A538C4 /* Sources */,
				3F23053CF36A68D4B95CEE21 /* Frameworks */,
			);
			buildRules = (
			);
			dependencies = (
			);
			name = "IMApp-iOS";
			packageProductDependencies = (
				A29A3BDDC40908213A4CE11A /* IMCore */,
				CEBD784156DD6BBD782D4745 /* Textual */,
			);
			productName = "IMApp-iOS";
			productReference = CB77A98FEDDBC06687ACF65C /* IMApp-iOS.app */;
			productType = "com.apple.product-type.application";
		};
		6EC4E0F2F6923345FA7B2261 /* IMAppUITests */ = {
			isa = PBXNativeTarget;
			buildConfigurationList = EFF35CE8E6327FFFFB90152A /* Build configuration list for PBXNativeTarget "IMAppUITests" */;
			buildPhases = (
				8A74B4087E02841BE48FF859 /* Sources */,
			);
			buildRules = (
			);
			dependencies = (
				7943FE1DD8853BEB17E71FD5 /* PBXTargetDependency */,
			);
			name = IMAppUITests;
			productName = IMAppUITests;
			productReference = 5289D4F24E84F8659E613E03 /* IMAppUITests.xctest */;
			productType = "com.apple.product-type.bundle.ui-testing";
		};
		DC263F352C5D39510114D5D5 /* IMApp */ = {
			isa = PBXNativeTarget;
			buildConfigurationList = FAA410428CC2E9C16ACED234 /* Build configuration list for PBXNativeTarget "IMApp" */;
			buildPhases = (
				96B201F3F0D72E06CBBD3BB0 /* Sources */,
				A2D10FC8C969A687E97CEEA1 /* Frameworks */,
			);
			buildRules = (
			);
			dependencies = (
			);
			name = IMApp;
			packageProductDependencies = (
				6E6294890E3020D55B56442C /* IMCore */,
				FD9D6A65836E57D02F865F15 /* Textual */,
			);
			productName = IMApp;
			productReference = FFED0A1CBA67C36F722E6A4D /* IMApp.app */;
			productType = "com.apple.product-type.application";
		};
/* End PBXNativeTarget section */

/* Begin PBXProject section */
		42DC656A3E9206F71F998A22 /* Project object */ = {
			isa = PBXProject;
			attributes = {
				BuildIndependentTargetsInParallel = YES;
				LastUpgradeCheck = 1430;
				TargetAttributes = {
					43420480FC5D200C72755105 = {
						DevelopmentTeam = ZNNCFNN477;
						ProvisioningStyle = Automatic;
					};
					6EC4E0F2F6923345FA7B2261 = {
						ProvisioningStyle = Manual;
						TestTargetID = DC263F352C5D39510114D5D5;
					};
					DC263F352C5D39510114D5D5 = {
						DevelopmentTeam = "";
						ProvisioningStyle = Manual;
					};
				};
			};
			buildConfigurationList = 7D36111B54916AC30DB6873F /* Build configuration list for PBXProject "IMApp" */;
			compatibilityVersion = "Xcode 14.0";
			developmentRegion = en;
			hasScannedForEncodings = 0;
			knownRegions = (
				Base,
				en,
			);
			mainGroup = BDC5D907C867E2F5C91FE735;
			packageReferences = (
				4F0C7481902FC50050D8B1D9 /* XCLocalSwiftPackageReference "Packages/IMCore" */,
				BB3765FBFC2D222671DAF2F3 /* XCLocalSwiftPackageReference "../deps/textual" */,
			);
			projectDirPath = "";
			projectRoot = "";
			targets = (
				DC263F352C5D39510114D5D5 /* IMApp */,
				43420480FC5D200C72755105 /* IMApp-iOS */,
				6EC4E0F2F6923345FA7B2261 /* IMAppUITests */,
			);
		};
/* End PBXProject section */

/* Begin PBXSourcesBuildPhase section */
		8A74B4087E02841BE48FF859 /* Sources */ = {
			isa = PBXSourcesBuildPhase;
			buildActionMask = 2147483647;
			files = (
				2756684112C07CF8705C5F27 /* ConversationUITests.swift in Sources */,
				568658F500350F5F8709B4A8 /* LoginUITests.swift in Sources */,
			);
			runOnlyForDeploymentPostprocessing = 0;
		};
		96B201F3F0D72E06CBBD3BB0 /* Sources */ = {
			isa = PBXSourcesBuildPhase;
			buildActionMask = 2147483647;
			files = (
				28E021F49652BD86CDAE3219 /* AddContactView.swift in Sources */,
				58FB773A958DC01589C156D1 /* AgentTimelineView.swift in Sources */,
				60DC52C3372ABD4EE3E4D58E /* AppInfoView.swift in Sources */,
				8F0695D403BD8CA6416D02DE /* AppSettingsView.swift in Sources */,
				65C7470CBA7E0FDB44F23E1D /* AppleDesign.swift in Sources */,
				E9E5DD6DE3C5786A33106B81 /* AvatarView.swift in Sources */,
				B9E49853D0607ABC6B2D406F /* ChatTextView.swift in Sources */,
				6144B85375A6A228F5BD63B9 /* ChatView.swift in Sources */,
				E260A06BF6E5B21C37C53F29 /* ContactListView.swift in Sources */,
				EB9695FA50D7110D18464C2D /* ContentView.swift in Sources */,
				7414C812F1344070693BD942 /* ConversationListView.swift in Sources */,
				9546FEA2338E1BFCF266D4BD /* ConversationRowView.swift in Sources */,
				6673082817E3B536DE57E2A3 /* CreateGroupView.swift in Sources */,
				90B015D00F344B9C64423C39 /* DateSeparator.swift in Sources */,
				1FA5BB4533A420C71CC79ADA /* GroupDetailView.swift in Sources */,
				B15AE4CCB8DBD08D717EF791 /* HistoryView.swift in Sources */,
				46C64C85CCD1DA0B494D1403 /* IMApp.swift in Sources */,
				3869FF7C353A85209CB87BE1 /* ImageViewer.swift in Sources */,
				B4F9B95D09D2914D6B706686 /* InputBarView.swift in Sources */,
				097B9EC96F756C265B3F3A0D /* JoinGroupView.swift in Sources */,
				CE9FC10A4B9F219E18E7EBC6 /* LoginView.swift in Sources */,
				8DC9A4D13E144DCCAAC1C1CC /* MessageBubble.swift in Sources */,
				60B43151F99B51F99E833652 /* NewChatView.swift in Sources */,
				59376C0F7D795B1CF22DD26C /* OnlineStatusDot.swift in Sources */,
				5B8C6D4EA51B5D5AC0E6D8AA /* P2PDetailView.swift in Sources */,
				D8D8E90451EDCC271C9AA962 /* ProfileView.swift in Sources */,
				FDA93FB4996A07E6750B07F5 /* RegisterView.swift in Sources */,
				BB499F0AC7021A364A711753 /* SearchBarView.swift in Sources */,
				77B49EFA11D059E846BDE11F /* SearchResultsView.swift in Sources */,
				4131A16838802E14FAD1D417 /* SessionManageView.swift in Sources */,
				4CF3A4E20D06DDE2169959F0 /* TypingIndicator.swift in Sources */,
				DD2C7E2C052C9C7A7309F1CC /* VisualEffectView.swift in Sources */,
			);
			runOnlyForDeploymentPostprocessing = 0;
		};
		A7EC5066FE1596FAC5A538C4 /* Sources */ = {
			isa = PBXSourcesBuildPhase;
			buildActionMask = 2147483647;
			files = (
				4BF83FAE0B6B19F7A2F7CFB2 /* AccountSelectView.swift in Sources */,
				6A18C0B783D8260B04EDB9A3 /* AddContactView.swift in Sources */,
				19D6EC24494F66AD2E920540 /* AgentTimelineView.swift in Sources */,
				203E79859DE8F906D89989D4 /* AppSettingsView.swift in Sources */,
				D053EE810DC146C42709C7FD /* AvatarView.swift in Sources */,
				865DDD393912593226EECE48 /* CachedImage.swift in Sources */,
				AF5F5C83119E7BD1ACCE2DE4 /* ChatView.swift in Sources */,
				D5B1DF605BD82BDAFAF95249 /* ContactListView.swift in Sources */,
				B904FE73AC81E7B7630EEE0B /* ContentView.swift in Sources */,
				2EABB50395E71ACA1DDE1DC2 /* ConversationListView.swift in Sources */,
				11A8633EFA4F3877837AFD29 /* ConversationRowView.swift in Sources */,
				BB52D7283B3E8CAFC220A1E0 /* CreateGroupView.swift in Sources */,
				BA9326F6F36140A7F900F220 /* DateSeparator.swift in Sources */,
				D986D7F088C6328565D9C904 /* GroupDetailView.swift in Sources */,
				848CB4A81492BC167632899B /* HistoryView.swift in Sources */,
				D694D1C9F5A284888347C784 /* IMApp.swift in Sources */,
				647B66368C5F1CF865CCC884 /* ImageViewer.swift in Sources */,
				2E6DBAC7A49CD23723E767F9 /* InputBarView.swift in Sources */,
				AB766CB484C760E1ABF2571F /* JoinGroupView.swift in Sources */,
				B7EAF74021CD008F6A6B80EC /* LoginView.swift in Sources */,
				557D66EF1333D04398DBF39F /* MessageBubble.swift in Sources */,
				523160ACBDF5C974FF6A72AC /* NewChatView.swift in Sources */,
				BB9907D67E2D044DAB9111B9 /* OnlineStatusDot.swift in Sources */,
				50EC9C49615062A4CA044345 /* P2PDetailView.swift in Sources */,
				FD40E4C7020D06E054A62E78 /* ProfileView.swift in Sources */,
				A94743ED7B3BF1B005BC5667 /* RegisterView.swift in Sources */,
				A469AD51EF2D5005D37FC062 /* SearchBarView.swift in Sources */,
				0FFA2C0623E1DF5F6FFE03B7 /* SearchResultsView.swift in Sources */,
				B7E068ED9B29E007734BDFEC /* SessionManageView.swift in Sources */,
				0BE500D3CD0418760D34207A /* TypingIndicator.swift in Sources */,
				68FB6DD486D640EEC49690D1 /* UserCardView.swift in Sources */,
			);
			runOnlyForDeploymentPostprocessing = 0;
		};
/* End PBXSourcesBuildPhase section */

/* Begin PBXTargetDependency section */
		7943FE1DD8853BEB17E71FD5 /* PBXTargetDependency */ = {
			isa = PBXTargetDependency;
			target = DC263F352C5D39510114D5D5 /* IMApp */;
			targetProxy = E466F6632BDB11EE3A23CEA3 /* PBXContainerItemProxy */;
		};
/* End PBXTargetDependency section */

/* Begin XCBuildConfiguration section */
		0653A00B2AA8ADA259673A6E /* Debug */ = {
			isa = XCBuildConfiguration;
			buildSettings = {
				ASSETCATALOG_COMPILER_APPICON_NAME = AppIcon;
				CODE_SIGN_IDENTITY = "-";
				CODE_SIGN_STYLE = Manual;
				COMBINE_HIDPI_IMAGES = YES;
				DEVELOPMENT_TEAM = "";
				INFOPLIST_FILE = macos/Resources/Info.plist;
				LD_RUNPATH_SEARCH_PATHS = (
					"$(inherited)",
					"@executable_path/../Frameworks",
				);
				PRODUCT_BUNDLE_IDENTIFIER = space.siciv.pandaai.macos;
				SDKROOT = macosx;
			};
			name = Debug;
		};
		196DD7B4017039BAB92D5298 /* Release */ = {
			isa = XCBuildConfiguration;
			buildSettings = {
				ASSETCATALOG_COMPILER_APPICON_NAME = AppIcon;
				CODE_SIGN_IDENTITY = "-";
				CODE_SIGN_STYLE = Manual;
				COMBINE_HIDPI_IMAGES = YES;
				DEVELOPMENT_TEAM = "";
				INFOPLIST_FILE = macos/Resources/Info.plist;
				LD_RUNPATH_SEARCH_PATHS = (
					"$(inherited)",
					"@executable_path/../Frameworks",
				);
				PRODUCT_BUNDLE_IDENTIFIER = space.siciv.pandaai.macos;
				SDKROOT = macosx;
			};
			name = Release;
		};
		7C49DE667603DDC267049460 /* Release */ = {
			isa = XCBuildConfiguration;
			buildSettings = {
				ASSETCATALOG_COMPILER_APPICON_NAME = AppIcon;
				CODE_SIGN_IDENTITY = "Apple Development";
				CODE_SIGN_STYLE = Automatic;
				DEVELOPMENT_TEAM = ZNNCFNN477;
				INFOPLIST_FILE = ios/Resources/Info.plist;
				IPHONEOS_DEPLOYMENT_TARGET = 18.0;
				LD_RUNPATH_SEARCH_PATHS = (
					"$(inherited)",
					"@executable_path/Frameworks",
				);
				PRODUCT_BUNDLE_IDENTIFIER = space.siciv.pandaai.ios;
				SDKROOT = iphoneos;
				TARGETED_DEVICE_FAMILY = "1,2";
			};
			name = Release;
		};
		805C6D88566FECA42873BBAD /* Debug */ = {
			isa = XCBuildConfiguration;
			buildSettings = {
				ALWAYS_SEARCH_USER_PATHS = NO;
				CLANG_ANALYZER_NONNULL = YES;
				CLANG_ANALYZER_NUMBER_OBJECT_CONVERSION = YES_AGGRESSIVE;
				CLANG_CXX_LANGUAGE_STANDARD = "gnu++14";
				CLANG_CXX_LIBRARY = "libc++";
				CLANG_ENABLE_MODULES = YES;
				CLANG_ENABLE_OBJC_ARC = YES;
				CLANG_ENABLE_OBJC_WEAK = YES;
				CLANG_WARN_BLOCK_CAPTURE_AUTORELEASING = YES;
				CLANG_WARN_BOOL_CONVERSION = YES;
				CLANG_WARN_COMMA = YES;
				CLANG_WARN_CONSTANT_CONVERSION = YES;
				CLANG_WARN_DEPRECATED_OBJC_IMPLEMENTATIONS = YES;
				CLANG_WARN_DIRECT_OBJC_ISA_USAGE = YES_ERROR;
				CLANG_WARN_DOCUMENTATION_COMMENTS = YES;
				CLANG_WARN_EMPTY_BODY = YES;
				CLANG_WARN_ENUM_CONVERSION = YES;
				CLANG_WARN_INFINITE_RECURSION = YES;
				CLANG_WARN_INT_CONVERSION = YES;
				CLANG_WARN_NON_LITERAL_NULL_CONVERSION = YES;
				CLANG_WARN_OBJC_IMPLICIT_RETAIN_SELF = YES;
				CLANG_WARN_OBJC_LITERAL_CONVERSION = YES;
				CLANG_WARN_OBJC_ROOT_CLASS = YES_ERROR;
				CLANG_WARN_QUOTED_INCLUDE_IN_FRAMEWORK_HEADER = YES;
				CLANG_WARN_RANGE_LOOP_ANALYSIS = YES;
				CLANG_WARN_STRICT_PROTOTYPES = YES;
				CLANG_WARN_SUSPICIOUS_MOVE = YES;
				CLANG_WARN_UNGUARDED_AVAILABILITY = YES_AGGRESSIVE;
				CLANG_WARN_UNREACHABLE_CODE = YES;
				CLANG_WARN__DUPLICATE_METHOD_MATCH = YES;
				COPY_PHASE_STRIP = NO;
				DEBUG_INFORMATION_FORMAT = dwarf;
				ENABLE_STRICT_OBJC_MSGSEND = YES;
				ENABLE_TESTABILITY = YES;
				GCC_C_LANGUAGE_STANDARD = gnu11;
				GCC_DYNAMIC_NO_PIC = NO;
				GCC_NO_COMMON_BLOCKS = YES;
				GCC_OPTIMIZATION_LEVEL = 0;
				GCC_PREPROCESSOR_DEFINITIONS = (
					"$(inherited)",
					"DEBUG=1",
				);
				GCC_WARN_64_TO_32_BIT_CONVERSION = YES;
				GCC_WARN_ABOUT_RETURN_TYPE = YES_ERROR;
				GCC_WARN_UNDECLARED_SELECTOR = YES;
				GCC_WARN_UNINITIALIZED_AUTOS = YES_AGGRESSIVE;
				GCC_WARN_UNUSED_FUNCTION = YES;
				GCC_WARN_UNUSED_VARIABLE = YES;
				IPHONEOS_DEPLOYMENT_TARGET = 18.0;
				MACOSX_DEPLOYMENT_TARGET = 15.0;
				MTL_ENABLE_DEBUG_INFO = INCLUDE_SOURCE;
				MTL_FAST_MATH = YES;
				ONLY_ACTIVE_ARCH = YES;
				PRODUCT_NAME = "$(TARGET_NAME)";
				SWIFT_ACTIVE_COMPILATION_CONDITIONS = DEBUG;
				SWIFT_OPTIMIZATION_LEVEL = "-Onone";
				SWIFT_VERSION = 6.0;
			};
			name = Debug;
		};
		904DA592A367C2893CD1A302 /* Debug */ = {
			isa = XCBuildConfiguration;
			buildSettings = {
				BUNDLE_LOADER = "$(TEST_HOST)";
				CODE_SIGN_IDENTITY = "-";
				CODE_SIGN_STYLE = Manual;
				COMBINE_HIDPI_IMAGES = YES;
				GENERATE_INFOPLIST_FILE = YES;
				LD_RUNPATH_SEARCH_PATHS = (
					"$(inherited)",
					"@executable_path/Frameworks",
					"@loader_path/Frameworks",
				);
				PRODUCT_BUNDLE_IDENTIFIER = com.dolphinz.imapp.uitests;
				SDKROOT = macosx;
				TEST_TARGET_NAME = IMApp;
			};
			name = Debug;
		};
		A14A7182A5F0C04C5128F2AE /* Release */ = {
			isa = XCBuildConfiguration;
			buildSettings = {
				ALWAYS_SEARCH_USER_PATHS = NO;
				CLANG_ANALYZER_NONNULL = YES;
				CLANG_ANALYZER_NUMBER_OBJECT_CONVERSION = YES_AGGRESSIVE;
				CLANG_CXX_LANGUAGE_STANDARD = "gnu++14";
				CLANG_CXX_LIBRARY = "libc++";
				CLANG_ENABLE_MODULES = YES;
				CLANG_ENABLE_OBJC_ARC = YES;
				CLANG_ENABLE_OBJC_WEAK = YES;
				CLANG_WARN_BLOCK_CAPTURE_AUTORELEASING = YES;
				CLANG_WARN_BOOL_CONVERSION = YES;
				CLANG_WARN_COMMA = YES;
				CLANG_WARN_CONSTANT_CONVERSION = YES;
				CLANG_WARN_DEPRECATED_OBJC_IMPLEMENTATIONS = YES;
				CLANG_WARN_DIRECT_OBJC_ISA_USAGE = YES_ERROR;
				CLANG_WARN_DOCUMENTATION_COMMENTS = YES;
				CLANG_WARN_EMPTY_BODY = YES;
				CLANG_WARN_ENUM_CONVERSION = YES;
				CLANG_WARN_INFINITE_RECURSION = YES;
				CLANG_WARN_INT_CONVERSION = YES;
				CLANG_WARN_NON_LITERAL_NULL_CONVERSION = YES;
				CLANG_WARN_OBJC_IMPLICIT_RETAIN_SELF = YES;
				CLANG_WARN_OBJC_LITERAL_CONVERSION = YES;
				CLANG_WARN_OBJC_ROOT_CLASS = YES_ERROR;
				CLANG_WARN_QUOTED_INCLUDE_IN_FRAMEWORK_HEADER = YES;
				CLANG_WARN_RANGE_LOOP_ANALYSIS = YES;
				CLANG_WARN_STRICT_PROTOTYPES = YES;
				CLANG_WARN_SUSPICIOUS_MOVE = YES;
				CLANG_WARN_UNGUARDED_AVAILABILITY = YES_AGGRESSIVE;
				CLANG_WARN_UNREACHABLE_CODE = YES;
				CLANG_WARN__DUPLICATE_METHOD_MATCH = YES;
				COPY_PHASE_STRIP = NO;
				DEBUG_INFORMATION_FORMAT = "dwarf-with-dsym";
				ENABLE_NS_ASSERTIONS = NO;
				ENABLE_STRICT_OBJC_MSGSEND = YES;
				GCC_C_LANGUAGE_STANDARD = gnu11;
				GCC_NO_COMMON_BLOCKS = YES;
				GCC_WARN_64_TO_32_BIT_CONVERSION = YES;
				GCC_WARN_ABOUT_RETURN_TYPE = YES_ERROR;
				GCC_WARN_UNDECLARED_SELECTOR = YES;
				GCC_WARN_UNINITIALIZED_AUTOS = YES_AGGRESSIVE;
				GCC_WARN_UNUSED_FUNCTION = YES;
				GCC_WARN_UNUSED_VARIABLE = YES;
				IPHONEOS_DEPLOYMENT_TARGET = 18.0;
				MACOSX_DEPLOYMENT_TARGET = 15.0;
				MTL_ENABLE_DEBUG_INFO = NO;
				MTL_FAST_MATH = YES;
				PRODUCT_NAME = "$(TARGET_NAME)";
				SWIFT_COMPILATION_MODE = wholemodule;
				SWIFT_OPTIMIZATION_LEVEL = "-O";
				SWIFT_VERSION = 6.0;
			};
			name = Release;
		};
		C9C84CBB52B644E08A552226 /* Debug */ = {
			isa = XCBuildConfiguration;
			buildSettings = {
				ASSETCATALOG_COMPILER_APPICON_NAME = AppIcon;
				CODE_SIGN_IDENTITY = "Apple Development";
				CODE_SIGN_STYLE = Automatic;
				DEVELOPMENT_TEAM = ZNNCFNN477;
				INFOPLIST_FILE = ios/Resources/Info.plist;
				IPHONEOS_DEPLOYMENT_TARGET = 18.0;
				LD_RUNPATH_SEARCH_PATHS = (
					"$(inherited)",
					"@executable_path/Frameworks",
				);
				PRODUCT_BUNDLE_IDENTIFIER = space.siciv.pandaai.ios;
				SDKROOT = iphoneos;
				TARGETED_DEVICE_FAMILY = "1,2";
			};
			name = Debug;
		};
		D84E2FF1A368EBAFBE6F8709 /* Release */ = {
			isa = XCBuildConfiguration;
			buildSettings = {
				BUNDLE_LOADER = "$(TEST_HOST)";
				CODE_SIGN_IDENTITY = "-";
				CODE_SIGN_STYLE = Manual;
				COMBINE_HIDPI_IMAGES = YES;
				GENERATE_INFOPLIST_FILE = YES;
				LD_RUNPATH_SEARCH_PATHS = (
					"$(inherited)",
					"@executable_path/Frameworks",
					"@loader_path/Frameworks",
				);
				PRODUCT_BUNDLE_IDENTIFIER = com.dolphinz.imapp.uitests;
				SDKROOT = macosx;
				TEST_TARGET_NAME = IMApp;
			};
			name = Release;
		};
/* End XCBuildConfiguration section */

/* Begin XCConfigurationList section */
		3C1C07B83105163B6A85C342 /* Build configuration list for PBXNativeTarget "IMApp-iOS" */ = {
			isa = XCConfigurationList;
			buildConfigurations = (
				C9C84CBB52B644E08A552226 /* Debug */,
				7C49DE667603DDC267049460 /* Release */,
			);
			defaultConfigurationIsVisible = 0;
			defaultConfigurationName = Debug;
		};
		7D36111B54916AC30DB6873F /* Build configuration list for PBXProject "IMApp" */ = {
			isa = XCConfigurationList;
			buildConfigurations = (
				805C6D88566FECA42873BBAD /* Debug */,
				A14A7182A5F0C04C5128F2AE /* Release */,
			);
			defaultConfigurationIsVisible = 0;
			defaultConfigurationName = Debug;
		};
		EFF35CE8E6327FFFFB90152A /* Build configuration list for PBXNativeTarget "IMAppUITests" */ = {
			isa = XCConfigurationList;
			buildConfigurations = (
				904DA592A367C2893CD1A302 /* Debug */,
				D84E2FF1A368EBAFBE6F8709 /* Release */,
			);
			defaultConfigurationIsVisible = 0;
			defaultConfigurationName = Debug;
		};
		FAA410428CC2E9C16ACED234 /* Build configuration list for PBXNativeTarget "IMApp" */ = {
			isa = XCConfigurationList;
			buildConfigurations = (
				0653A00B2AA8ADA259673A6E /* Debug */,
				196DD7B4017039BAB92D5298 /* Release */,
			);
			defaultConfigurationIsVisible = 0;
			defaultConfigurationName = Debug;
		};
/* End XCConfigurationList section */

/* Begin XCLocalSwiftPackageReference section */
		4F0C7481902FC50050D8B1D9 /* XCLocalSwiftPackageReference "Packages/IMCore" */ = {
			isa = XCLocalSwiftPackageReference;
			relativePath = Packages/IMCore;
		};
		BB3765FBFC2D222671DAF2F3 /* XCLocalSwiftPackageReference "../deps/textual" */ = {
			isa = XCLocalSwiftPackageReference;
			relativePath = ../deps/textual;
		};
/* End XCLocalSwiftPackageReference section */

/* Begin XCSwiftPackageProductDependency section */
		6E6294890E3020D55B56442C /* IMCore */ = {
			isa = XCSwiftPackageProductDependency;
			productName = IMCore;
		};
		A29A3BDDC40908213A4CE11A /* IMCore */ = {
			isa = XCSwiftPackageProductDependency;
			productName = IMCore;
		};
		CEBD784156DD6BBD782D4745 /* Textual */ = {
			isa = XCSwiftPackageProductDependency;
			productName = Textual;
		};
		FD9D6A65836E57D02F865F15 /* Textual */ = {
			isa = XCSwiftPackageProductDependency;
			productName = Textual;
		};
/* End XCSwiftPackageProductDependency section */
	};
	rootObject = 42DC656A3E9206F71F998A22 /* Project object */;
}
